
Microsoft Visual Studio Solution File, Format Version 12.00
# Visual Studio 15
VisualStudioVersion = 15.0.27004.2006
MinimumVisualStudioVersion = 10.0.40219.1
Project("{D954291E-2A0B-460D-934E-DC6B0785DB48}") = "TestRepo1", "TestRepo1\TestRepo1\TestRepo1.shproj", "{02DE2FFD-F06D-4544-A667-0079AFE65FC8}"
EndProject
Project("{FAE04EC0-301F-11D3-BF4B-00C04F79EFBC}") = "TestRepo1.Android", "TestRepo1\TestRepo1.Android\TestRepo1.Android.csproj", "{C0F99A02-1FDF-4ED8-9B34-7F8FD3EA94AA}"
EndProject
Project("{FAE04EC0-301F-11D3-BF4B-00C04F79EFBC}") = "TestRepo1.iOS", "TestRepo1\TestRepo1.iOS\TestRepo1.iOS.csproj", "{D371FB38-DB28-4C99-AB93-D8828D3814FF}"
EndProject
Project("{FAE04EC0-301F-11D3-BF4B-00C04F79EFBC}") = "TestRepo1.UWP", "TestRepo1\TestRepo1.UWP\TestRepo1.UWP.csproj", "{5CE5AF5F-EE13-4448-96BE-06D187F2FCBB}"
EndProject
Global
	GlobalSection(SharedMSBuildProjectFiles) = preSolution
		TestRepo1\TestRepo1\TestRepo1.projitems*{02de2ffd-f06d-4544-a667-0079afe65fc8}*SharedItemsImports = 13
		TestRepo1\TestRepo1\TestRepo1.projitems*{c0f99a02-1fdf-4ed8-9b34-7f8fd3ea94aa}*SharedItemsImports = 4
		TestRepo1\TestRepo1\TestRepo1.projitems*{d371fb38-db28-4c99-ab93-d8828d3814ff}*SharedItemsImports = 4
	EndGlobalSection
	GlobalSection(SolutionConfigurationPlatforms) = preSolution
		Ad-Hoc|Any CPU = Ad-Hoc|Any CPU
		Ad-Hoc|ARM = Ad-Hoc|ARM
		Ad-Hoc|iPhone = Ad-Hoc|iPhone
		Ad-Hoc|iPhoneSimulator = Ad-Hoc|iPhoneSimulator
		Ad-Hoc|x64 = Ad-Hoc|x64
		Ad-Hoc|x86 = Ad-Hoc|x86
		AppStore|Any CPU = AppStore|Any CPU
		AppStore|ARM = AppStore|ARM
		AppStore|iPhone = AppStore|iPhone
		AppStore|iPhoneSimulator = AppStore|iPhoneSimulator
		AppStore|x64 = AppStore|x64
		AppStore|x86 = AppStore|x86
		Debug|Any CPU = Debug|Any CPU
		Debug|ARM = Debug|ARM
		Debug|iPhone = Debug|iPhone
		Debug|iPhoneSimulator = Debug|iPhoneSimulator
		Debug|x64 = Debug|x64
		Debug|x86 = Debug|x86
		Release|Any CPU = Release|Any CPU
		Release|ARM = Release|ARM
		Release|iPhone = Release|iPhone
		Release|iPhoneSimulator = Release|iPhoneSimulator
		Release|x64 = Release|x64
		Release|x86 = Release|x86
	EndGlobalSection
	GlobalSection(ProjectConfigurationPlatforms) = postSolution
		{C0F99A02-1FDF-4ED8-9B34-7F8FD3EA94AA}.Ad-Hoc|Any CPU.ActiveCfg = Release|Any CPU
		{C0F99A02-1FDF-4ED8-9B34-7F8FD3EA94AA}.Ad-Hoc|Any CPU.Build.0 = Release|Any CPU
		{C0F99A02-1FDF-4ED8-9B34-7F8FD3EA94AA}.Ad-Hoc|Any CPU.Deploy.0 = Release|Any CPU
		{C0F99A02-1FDF-4ED8-9B34-7F8FD3EA94AA}.Ad-Hoc|ARM.ActiveCfg = Release|Any CPU
		{C0F99A02-1FDF-4ED8-9B34-7F8FD3EA94AA}.Ad-Hoc|ARM.Build.0 = Release|Any CPU
		{C0F99A02-1FDF-4ED8-9B34-7F8FD3EA94AA}.Ad-Hoc|ARM.Deploy.0 = Release|Any CPU
		{C0F99A02-1FDF-4ED8-9B34-7F8FD3EA94AA}.Ad-Hoc|iPhone.ActiveCfg = Release|Any CPU
		{C0F99A02-1FDF-4ED8-9B34-7F8FD3EA94AA}.Ad-Hoc|iPhone.Build.0 = Release|Any CPU
		{C0F99A02-1FDF-4ED8-9B34-7F8FD3EA94AA}.Ad-Hoc|iPhone.Deploy.0 = Release|Any CPU
		{C0F99A02-1FDF-4ED8-9B34-7F8FD3EA94AA}.Ad-Hoc|iPhoneSimulator.ActiveCfg = Release|Any CPU
		{C0F99A02-1FDF-4ED8-9B34-7F8FD3EA94AA}.Ad-Hoc|iPhoneSimulator.Build.0 = Release|Any CPU
		{C0F99A02-1FDF-4ED8-9B34-7F8FD3EA94AA}.Ad-Hoc|iPhoneSimulator.Deploy.0 = Release|Any CPU
		{C0F99A02-1FDF-4ED8-9B34-7F8FD3EA94AA}.Ad-Hoc|x64.ActiveCfg = Release|Any CPU
		{C0F99A02-1FDF-4ED8-9B34-7F8FD3EA94AA}.Ad-Hoc|x64.Build.0 = Release|Any CPU
		{C0F99A02-1FDF-4ED8-9B34-7F8FD3EA94AA}.Ad-Hoc|x64.Deploy.0 = Release|Any CPU
		{C0F99A02-1FDF-4ED8-9B34-7F8FD3EA94AA}.Ad-Hoc|x86.ActiveCfg = Release|Any CPU
		{C0F99A02-1FDF-4ED8-9B34-7F8FD3EA94AA}.Ad-Hoc|x86.Build.0 = Release|Any CPU
		{C0F99A02-1FDF-4ED8-9B34-7F8FD3EA94AA}.Ad-Hoc|x86.Deploy.0 = Release|Any CPU
		{C0F99A02-1FDF-4ED8-9B34-7F8FD3EA94AA}.AppStore|Any CPU.ActiveCfg = Release|Any CPU
		{C0F99A02-1FDF-4ED8-9B34-7F8FD3EA94AA}.AppStore|Any CPU.Build.0 = Release|Any CPU
		{C0F99A02-1FDF-4ED8-9B34-7F8FD3EA94AA}.AppStore|Any CPU.Deploy.0 = Release|Any CPU
		{C0F99A02-1FDF-4ED8-9B34-7F8FD3EA94AA}.AppStore|ARM.ActiveCfg = Release|Any CPU
		{C0F99A02-1FDF-4ED8-9B34-7F8FD3EA94AA}.AppStore|ARM.Build.0 = Release|Any CPU
		{C0F99A02-1FDF-4ED8-9B34-7F8FD3EA94AA}.AppStore|ARM.Deploy.0 = Release|Any CPU
		{C0F99A02-1FDF-4ED8-9B34-7F8FD3EA94AA}.AppStore|iPhone.ActiveCfg = Release|Any CPU
		{C0F99A02-1FDF-4ED8-9B34-7F8FD3EA94AA}.AppStore|iPhone.Build.0 = Release|Any CPU
		{C0F99A02-1FDF-4ED8-9B34-7F8FD3EA94AA}.AppStore|iPhone.Deploy.0 = Release|Any CPU
		{C0F99A02-1FDF-4ED8-9B34-7F8FD3EA94AA}.AppStore|iPhoneSimulator.ActiveCfg = Release|Any CPU
		{C0F99A02-1FDF-4ED8-9B34-7F8FD3EA94AA}.AppStore|iPhoneSimulator.Build.0 = Release|Any CPU
		{C0F99A02-1FDF-4ED8-9B34-7F8FD3EA94AA}.AppStore|iPhoneSimulator.Deploy.0 = Release|Any CPU
		{C0F99A02-1FDF-4ED8-9B34-7F8FD3EA94AA}.AppStore|x64.ActiveCfg = Release|Any CPU
		{C0F99A02-1FDF-4ED8-9B34-7F8FD3EA94AA}.AppStore|x64.Build.0 = Release|Any CPU
		{C0F99A02-1FDF-4ED8-9B34-7F8FD3EA94AA}.AppStore|x64.Deploy.0 = Release|Any CPU
		{C0F99A02-1FDF-4ED8-9B34-7F8FD3EA94AA}.AppStore|x86.ActiveCfg = Release|Any CPU
		{C0F99A02-1FDF-4ED8-9B34-7F8FD3EA94AA}.AppStore|x86.Build.0 = Release|Any CPU
		{C0F99A02-1FDF-4ED8-9B34-7F8FD3EA94AA}.AppStore|x86.Deploy.0 = Release|Any CPU
		{C0F99A02-1FDF-4ED8-9B34-7F8FD3EA94AA}.Debug|Any CPU.ActiveCfg = Debug|Any CPU
		{C0F99A02-1FDF-4ED8-9B34-7F8FD3EA94AA}.Debug|Any CPU.Build.0 = Debug|Any CPU
		{C0F99A02-1FDF-4ED8-9B34-7F8FD3EA94AA}.Debug|Any CPU.Deploy.0 = Debug|Any CPU
		{C0F99A02-1FDF-4ED8-9B34-7F8FD3EA94AA}.Debug|ARM.ActiveCfg = Debug|Any CPU
		{C0F99A02-1FDF-4ED8-9B34-7F8FD3EA94AA}.Debug|ARM.Build.0 = Debug|Any CPU
		{C0F99A02-1FDF-4ED8-9B34-7F8FD3EA94AA}.Debug|ARM.Deploy.0 = Debug|Any CPU
		{C0F99A02-1FDF-4ED8-9B34-7F8FD3EA94AA}.Debug|iPhone.ActiveCfg = Debug|Any CPU
		{C0F99A02-1FDF-4ED8-9B34-7F8FD3EA94AA}.Debug|iPhone.Build.0 = Debug|Any CPU
		{C0F99A02-1FDF-4ED8-9B34-7F8FD3EA94AA}.Debug|iPhone.Deploy.0 = Debug|Any CPU
		{C0F99A02-1FDF-4ED8-9B34-7F8FD3EA94AA}.Debug|iPhoneSimulator.ActiveCfg = Debug|Any CPU
		{C0F99A02-1FDF-4ED8-9B34-7F8FD3EA94AA}.Debug|iPhoneSimulator.Build.0 = Debug|Any CPU
		{C0F99A02-1FDF-4ED8-9B34-7F8FD3EA94AA}.Debug|iPhoneSimulator.Deploy.0 = Debug|Any CPU
		{C0F99A02-1FDF-4ED8-9B34-7F8FD3EA94AA}.Debug|x64.ActiveCfg = Debug|Any CPU
		{C0F99A02-1FDF-4ED8-9B34-7F8FD3EA94AA}.Debug|x64.Build.0 = Debug|Any CPU
		{C0F99A02-1FDF-4ED8-9B34-7F8FD3EA94AA}.Debug|x64.Deploy.0 = Debug|Any CPU
		{C0F99A02-1FDF-4ED8-9B34-7F8FD3EA94AA}.Debug|x86.ActiveCfg = Debug|Any CPU
		{C0F99A02-1FDF-4ED8-9B34-7F8FD3EA94AA}.Debug|x86.Build.0 = Debug|Any CPU
		{C0F99A02-1FDF-4ED8-9B34-7F8FD3EA94AA}.Debug|x86.Deploy.0 = Debug|Any CPU
		{C0F99A02-1FDF-4ED8-9B34-7F8FD3EA94AA}.Release|Any CPU.ActiveCfg = Release|Any CPU
		{C0F99A02-1FDF-4ED8-9B34-7F8FD3EA94AA}.Release|Any CPU.Build.0 = Release|Any CPU
		{C0F99A02-1FDF-4ED8-9B34-7F8FD3EA94AA}.Release|Any CPU.Deploy.0 = Release|Any CPU
		{C0F99A02-1FDF-4ED8-9B34-7F8FD3EA94AA}.Release|ARM.ActiveCfg = Release|Any CPU
		{C0F99A02-1FDF-4ED8-9B34-7F8FD3EA94AA}.Release|ARM.Build.0 = Release|Any CPU
		{C0F99A02-1FDF-4ED8-9B34-7F8FD3EA94AA}.Release|ARM.Deploy.0 = Release|Any CPU
		{C0F99A02-1FDF-4ED8-9B34-7F8FD3EA94AA}.Release|iPhone.ActiveCfg = Release|Any CPU
		{C0F99A02-1FDF-4ED8-9B34-7F8FD3EA94AA}.Release|iPhone.Build.0 = Release|Any CPU
		{C0F99A02-1FDF-4ED8-9B34-7F8FD3EA94AA}.Release|iPhone.Deploy.0 = Release|Any CPU
		{C0F99A02-1FDF-4ED8-9B34-7F8FD3EA94AA}.Release|iPhoneSimulator.ActiveCfg = Release|Any CPU
		{C0F99A02-1FDF-4ED8-9B34-7F8FD3EA94AA}.Release|iPhoneSimulator.Build.0 = Release|Any CPU
		{C0F99A02-1FDF-4ED8-9B34-7F8FD3EA94AA}.Release|iPhoneSimulator.Deploy.0 = Release|Any CPU
		{C0F99A02-1FDF-4ED8-9B34-7F8FD3EA94AA}.Release|x64.ActiveCfg = Release|Any CPU
		{C0F99A02-1FDF-4ED8-9B34-7F8FD3EA94AA}.Release|x64.Build.0 = Release|Any CPU
		{C0F99A02-1FDF-4ED8-9B34-7F8FD3EA94AA}.Release|x64.Deploy.0 = Release|Any CPU
		{C0F99A02-1FDF-4ED8-9B34-7F8FD3EA94AA}.Release|x86.ActiveCfg = Release|Any CPU
		{C0F99A02-1FDF-4ED8-9B34-7F8FD3EA94AA}.Release|x86.Build.0 = Release|Any CPU
		{C0F99A02-1FDF-4ED8-9B34-7F8FD3EA94AA}.Release|x86.Deploy.0 = Release|Any CPU
		{D371FB38-DB28-4C99-AB93-D8828D3814FF}.Ad-Hoc|Any CPU.ActiveCfg = Ad-Hoc|iPhoneSimulator
		{D371FB38-DB28-4C99-AB93-D8828D3814FF}.Ad-Hoc|ARM.ActiveCfg = Ad-Hoc|iPhone
		{D371FB38-DB28-4C99-AB93-D8828D3814FF}.Ad-Hoc|iPhone.ActiveCfg = Ad-Hoc|iPhone
		{D371FB38-DB28-4C99-AB93-D8828D3814FF}.Ad-Hoc|iPhone.Build.0 = Ad-Hoc|iPhone
		{D371FB38-DB28-4C99-AB93-D8828D3814FF}.Ad-Hoc|iPhoneSimulator.ActiveCfg = Ad-Hoc|iPhoneSimulator
		{D371FB38-DB28-4C99-AB93-D8828D3814FF}.Ad-Hoc|iPhoneSimulator.Build.0 = Ad-Hoc|iPhoneSimulator
		{D371FB38-DB28-4C99-AB93-D8828D3814FF}.Ad-Hoc|x64.ActiveCfg = Ad-Hoc|iPhone
		{D371FB38-DB28-4C99-AB93-D8828D3814FF}.Ad-Hoc|x86.ActiveCfg = Ad-Hoc|iPhone
		{D371FB38-DB28-4C99-AB93-D8828D3814FF}.AppStore|Any CPU.ActiveCfg = AppStore|iPhoneSimulator
		{D371FB38-DB28-4C99-AB93-D8828D3814FF}.AppStore|ARM.ActiveCfg = AppStore|iPhone
		{D371FB38-DB28-4C99-AB93-D8828D3814FF}.AppStore|iPhone.ActiveCfg = AppStore|iPhone
		{D371FB38-DB28-4C99-AB93-D8828D3814FF}.AppStore|iPhone.Build.0 = AppStore|iPhone
		{D371FB38-DB28-4C99-AB93-D8828D3814FF}.AppStore|iPhoneSimulator.ActiveCfg = AppStore|iPhoneSimulator
		{D371FB38-DB28-4C99-AB93-D8828D3814FF}.AppStore|iPhoneSimulator.Build.0 = AppStore|iPhoneSimulator
		{D371FB38-DB28-4C99-AB93-D8828D3814FF}.AppStore|x64.ActiveCfg = AppStore|iPhone
		{D371FB38-DB28-4C99-AB93-D8828D3814FF}.AppStore|x86.ActiveCfg = AppStore|iPhone
		{D371FB38-DB28-4C99-AB93-D8828D3814FF}.Debug|Any CPU.ActiveCfg = Debug|iPhoneSimulator
		{D371FB38-DB28-4C99-AB93-D8828D3814FF}.Debug|ARM.ActiveCfg = Debug|iPhone
		{D371FB38-DB28-4C99-AB93-D8828D3814FF}.Debug|iPhone.ActiveCfg = Debug|iPhone
		{D371FB38-DB28-4C99-AB93-D8828D3814FF}.Debug|iPhone.Build.0 = Debug|iPhone
		{D371FB38-DB28-4C99-AB93-D8828D3814FF}.Debug|iPhoneSimulator.ActiveCfg = Debug|iPhoneSimulator
		{D371FB38-DB28-4C99-AB93-D8828D3814FF}.Debug|iPhoneSimulator.Build.0 = Debug|iPhoneSimulator
		{D371FB38-DB28-4C99-AB93-D8828D3814FF}.Debug|x64.ActiveCfg = Debug|iPhone
		{D371FB38-DB28-4C99-AB93-D8828D3814FF}.Debug|x86.ActiveCfg = Debug|iPhone
		{D371FB38-DB28-4C99-AB93-D8828D3814FF}.Release|Any CPU.ActiveCfg = Release|iPhoneSimulator
		{D371FB38-DB28-4C99-AB93-D8828D3814FF}.Release|ARM.ActiveCfg = Release|iPhone
		{D371FB38-DB28-4C99-AB93-D8828D3814FF}.Release|iPhone.ActiveCfg = Release|iPhone
		{D371FB38-DB28-4C99-AB93-D8828D3814FF}.Release|iPhone.Build.0 = Release|iPhone
		{D371FB38-DB28-4C99-AB93-D8828D3814FF}.Release|iPhoneSimulator.ActiveCfg = Release|iPhoneSimulator
		{D371FB38-DB28-4C99-AB93-D8828D3814FF}.Release|iPhoneSimulator.Build.0 = Release|iPhoneSimulator
		{D371FB38-DB28-4C99-AB93-D8828D3814FF}.Release|x64.ActiveCfg = Release|iPhone
		{D371FB38-DB28-4C99-AB93-D8828D3814FF}.Release|x86.ActiveCfg = Release|iPhone
		{5CE5AF5F-EE13-4448-96BE-06D187F2FCBB}.Ad-Hoc|Any CPU.ActiveCfg = Release|x86
		{5CE5AF5F-EE13-4448-96BE-06D187F2FCBB}.Ad-Hoc|Any CPU.Build.0 = Release|x86
		{5CE5AF5F-EE13-4448-96BE-06D187F2FCBB}.Ad-Hoc|Any CPU.Deploy.0 = Release|x86
		{5CE5AF5F-EE13-4448-96BE-06D187F2FCBB}.Ad-Hoc|ARM.ActiveCfg = Release|ARM
		{5CE5AF5F-EE13-4448-96BE-06D187F2FCBB}.Ad-Hoc|ARM.Build.0 = Release|ARM
		{5CE5AF5F-EE13-4448-96BE-06D187F2FCBB}.Ad-Hoc|ARM.Deploy.0 = Release|ARM
		{5CE5AF5F-EE13-4448-96BE-06D187F2FCBB}.Ad-Hoc|iPhone.ActiveCfg = Release|x86
		{5CE5AF5F-EE13-4448-96BE-06D187F2FCBB}.Ad-Hoc|iPhone.Build.0 = Release|x86
		{5CE5AF5F-EE13-4448-96BE-06D187F2FCBB}.Ad-Hoc|iPhone.Deploy.0 = Release|x86
		{5CE5AF5F-EE13-4448-96BE-06D187F2FCBB}.Ad-Hoc|iPhoneSimulator.ActiveCfg = Release|x86
		{5CE5AF5F-EE13-4448-96BE-06D187F2FCBB}.Ad-Hoc|iPhoneSimulator.Build.0 = Release|x86
		{5CE5AF5F-EE13-4448-96BE-06D187F2FCBB}.Ad-Hoc|iPhoneSimulator.Deploy.0 = Release|x86
		{5CE5AF5F-EE13-4448-96BE-06D187F2FCBB}.Ad-Hoc|x64.ActiveCfg = Release|x64
		{5CE5AF5F-EE13-4448-96BE-06D187F2FCBB}.Ad-Hoc|x64.Build.0 = Release|x64
		{5CE5AF5F-EE13-4448-96BE-06D187F2FCBB}.Ad-Hoc|x64.Deploy.0 = Release|x64
		{5CE5AF5F-EE13-4448-96BE-06D187F2FCBB}.Ad-Hoc|x86.ActiveCfg = Release|x86
		{5CE5AF5F-EE13-4448-96BE-06D187F2FCBB}.Ad-Hoc|x86.Build.0 = Release|x86
		{5CE5AF5F-EE13-4448-96BE-06D187F2FCBB}.Ad-Hoc|x86.Deploy.0 = Release|x86
		{5CE5AF5F-EE13-4448-96BE-06D187F2FCBB}.AppStore|Any CPU.ActiveCfg = Release|x86
		{5CE5AF5F-EE13-4448-96BE-06D187F2FCBB}.AppStore|Any CPU.Build.0 = Release|x86
		{5CE5AF5F-EE13-4448-96BE-06D187F2FCBB}.AppStore|Any CPU.Deploy.0 = Release|x86
		{5CE5AF5F-EE13-4448-96BE-06D187F2FCBB}.AppStore|ARM.ActiveCfg = Release|ARM
		{5CE5AF5F-EE13-4448-96BE-06D187F2FCBB}.AppStore|ARM.Build.0 = Release|ARM
		{5CE5AF5F-EE13-4448-96BE-06D187F2FCBB}.AppStore|ARM.Deploy.0 = Release|ARM
		{5CE5AF5F-EE13-4448-96BE-06D187F2FCBB}.AppStore|iPhone.ActiveCfg = Release|x86
		{5CE5AF5F-EE13-4448-96BE-06D187F2FCBB}.AppStore|iPhone.Build.0 = Release|x86
		{5CE5AF5F-EE13-4448-96BE-06D187F2FCBB}.AppStore|iPhone.Deploy.0 = Release|x86
		{5CE5AF5F-EE13-4448-96BE-06D187F2FCBB}.AppStore|iPhoneSimulator.ActiveCfg = Release|x86
		{5CE5AF5F-EE13-4448-96BE-06D187F2FCBB}.AppStore|iPhoneSimulator.Build.0 = Release|x86
		{5CE5AF5F-EE13-4448-96BE-06D187F2FCBB}.AppStore|iPhoneSimulator.Deploy.0 = Release|x86
		{5CE5AF5F-EE13-4448-96BE-06D187F2FCBB}.AppStore|x64.ActiveCfg = Release|x64
		{5CE5AF5F-EE13-4448-96BE-06D187F2FCBB}.AppStore|x64.Build.0 = Release|x64
		{5CE5AF5F-EE13-4448-96BE-06D187F2FCBB}.AppStore|x64.Deploy.0 = Release|x64
		{5CE5AF5F-EE13-4448-96BE-06D187F2FCBB}.AppStore|x86.ActiveCfg = Release|x86
		{5CE5AF5F-EE13-4448-96BE-06D187F2FCBB}.AppStore|x86.Build.0 = Release|x86
		{5CE5AF5F-EE13-4448-96BE-06D187F2FCBB}.AppStore|x86.Deploy.0 = Release|x86
		{5CE5AF5F-EE13-4448-96BE-06D187F2FCBB}.Debug|Any CPU.ActiveCfg = Debug|x86
		{5CE5AF5F-EE13-4448-96BE-06D187F2FCBB}.Debug|ARM.ActiveCfg = Debug|ARM
		{5CE5AF5F-EE13-4448-96BE-06D187F2FCBB}.Debug|ARM.Build.0 = Debug|ARM
		{5CE5AF5F-EE13-4448-96BE-06D187F2FCBB}.Debug|ARM.Deploy.0 = Debug|ARM
		{5CE5AF5F-EE13-4448-96BE-06D187F2FCBB}.Debug|iPhone.ActiveCfg = Debug|x86
		{5CE5AF5F-EE13-4448-96BE-06D187F2FCBB}.Debug|iPhoneSimulator.ActiveCfg = Debug|x86
		{5CE5AF5F-EE13-4448-96BE-06D187F2FCBB}.Debug|x64.ActiveCfg = Debug|x64
		{5CE5AF5F-EE13-4448-96BE-06D187F2FCBB}.Debug|x64.Build.0 = Debug|x64
		{5CE5AF5F-EE13-4448-96BE-06D187F2FCBB}.Debug|x64.Deploy.0 = Debug|x64
		{5CE5AF5F-EE13-4448-96BE-06D187F2FCBB}.Debug|x86.ActiveCfg = Debug|x86
		{5CE5AF5F-EE13-4448-96BE-06D187F2FCBB}.Debug|x86.Build.0 = Debug|x86
		{5CE5AF5F-EE13-4448-96BE-06D187F2FCBB}.Debug|x86.Deploy.0 = Debug|x86
		{5CE5AF5F-EE13-4448-96BE-06D187F2FCBB}.Release|Any CPU.ActiveCfg = Release|x86
		{5CE5AF5F-EE13-4448-96BE-06D187F2FCBB}.Release|ARM.ActiveCfg = Release|ARM
		{5CE5AF5F-EE13-4448-96BE-06D187F2FCBB}.Release|ARM.Build.0 = Release|ARM
		{5CE5AF5F-EE13-4448-96BE-06D187F2FCBB}.Release|ARM.Deploy.0 = Release|ARM
		{5CE5AF5F-EE13-4448-96BE-06D187F2FCBB}.Release|iPhone.ActiveCfg = Release|x86
		{5CE5AF5F-EE13-4448-96BE-06D187F2FCBB}.Release|iPhoneSimulator.ActiveCfg = Release|x86
		{5CE5AF5F-EE13-4448-96BE-06D187F2FCBB}.Release|x64.ActiveCfg = Release|x64
		{5CE5AF5F-EE13-4448-96BE-06D187F2FCBB}.Release|x64.Build.0 = Release|x64
		{5CE5AF5F-EE13-4448-96BE-06D187F2FCBB}.Release|x64.Deploy.0 = Release|x64
		{5CE5AF5F-EE13-4448-96BE-06D187F2FCBB}.Release|x86.ActiveCfg = Release|x86
		{5CE5AF5F-EE13-4448-96BE-06D187F2FCBB}.Release|x86.Build.0 = Release|x86
		{5CE5AF5F-EE13-4448-96BE-06D187F2FCBB}.Release|x86.Deploy.0 = Release|x86
	EndGlobalSection
	GlobalSection(SolutionProperties) = preSolution
		HideSolutionNode = FALSE
	EndGlobalSection
	GlobalSection(ExtensibilityGlobals) = postSolution
		SolutionGuid = {8781B8B6-F9FB-4840-B4F8-B7EEDCE91865}
	EndGlobalSection
EndGlobal
